Microsoft Visual Studio Solution File, Format Version 11.00
# Visual Studio 2008

Project("{CC826C5D-3EC4-DD44-8636-4BE3CC976C86}") = "audiobject", "Assembly-CSharp.csproj", "{F3113763-8B5D-EB3D-9651-11DAF3EF8189}"
EndProject
Project("{CC826C5D-3EC4-DD44-8636-4BE3CC976C86}") = "audiobject", "Assembly-CSharp-Editor.csproj", "{51FEAD7E-FC5E-3CE2-1D0B-6931F4C6ECC9}"
EndProject
Global
	GlobalSection(SolutionConfigurationPlatforms) = preSolution
		Debug|Any CPU = Debug|Any CPU
		Release|Any CPU = Release|Any CPU
	EndGlobalSection
	GlobalSection(ProjectConfigurationPlatforms) = postSolution
		{F3113763-8B5D-EB3D-9651-11DAF3EF8189}.Debug|Any CPU.ActiveCfg = Debug|Any CPU
		{F3113763-8B5D-EB3D-9651-11DAF3EF8189}.Debug|Any CPU.Build.0 = Debug|Any CPU
		{F3113763-8B5D-EB3D-9651-11DAF3EF8189}.Release|Any CPU.ActiveCfg = Release|Any CPU
		{F3113763-8B5D-EB3D-9651-11DAF3EF8189}.Release|Any CPU.Build.0 = Release|Any CPU
		{51FEAD7E-FC5E-3CE2-1D0B-6931F4C6ECC9}.Debug|Any CPU.ActiveCfg = Debug|Any CPU
		{51FEAD7E-FC5E-3CE2-1D0B-6931F4C6ECC9}.Debug|Any CPU.Build.0 = Debug|Any CPU
		{51FEAD7E-FC5E-3CE2-1D0B-6931F4C6ECC9}.Release|Any CPU.ActiveCfg = Release|Any CPU
		{51FEAD7E-FC5E-3CE2-1D0B-6931F4C6ECC9}.Release|Any CPU.Build.0 = Release|Any CPU
	EndGlobalSection
	GlobalSection(SolutionProperties) = preSolution
		HideSolutionNode = FALSE
	EndGlobalSection
																																																																																																																																																																																																																																																								GlobalSection(MonoDevelopProperties) = preSolution
		StartupItem = Assembly-CSharp.csproj
		Policies = $0
		$0.TextStylePolicy = $1
		$1.inheritsSet = null
		$1.scope = text/x-csharp
		$0.CSharpFormattingPolicy = $2
		$2.inheritsSet = Mono
		$2.inheritsScope = text/x-csharp
		$2.scope = text/x-csharp
		$0.TextStylePolicy = $3
		$3.FileWidth = 120
		$3.TabWidth = 4
		$3.EolMarker = Unix
		$3.inheritsSet = Mono
		$3.inheritsScope = text/plain
		$3.scope = text/plain
	EndGlobalSection

EndGlobal
